Microsoft Visual Studio Solution File, Format Version 12.00
# Visual Studio 2012
Project("{FAE04EC0-301F-11D3-BF4B-00C04F79EFBC}") = "Settings", "Settings.csproj", "{891227B2-BE41-455A-8E60-CA6C9EDF9103}"
EndProject
Global
	GlobalSection(SolutionConfigurationPlatforms) = preSolution
	Debug|Any CPU = Debug|Any CPU
	ExportDebug|Any CPU = ExportDebug|Any CPU
	ExportRelease|Any CPU = ExportRelease|Any CPU
	EndGlobalSection
	GlobalSection(ProjectConfigurationPlatforms) = postSolution
		{891227B2-BE41-455A-8E60-CA6C9EDF9103}.Debug|Any CPU.ActiveCfg = Debug|Any CPU
		{891227B2-BE41-455A-8E60-CA6C9EDF9103}.Debug|Any CPU.Build.0 = Debug|Any CPU
		{891227B2-BE41-455A-8E60-CA6C9EDF9103}.ExportDebug|Any CPU.ActiveCfg = ExportDebug|Any CPU
		{891227B2-BE41-455A-8E60-CA6C9EDF9103}.ExportDebug|Any CPU.Build.0 = ExportDebug|Any CPU
		{891227B2-BE41-455A-8E60-CA6C9EDF9103}.ExportRelease|Any CPU.ActiveCfg = ExportRelease|Any CPU
		{891227B2-BE41-455A-8E60-CA6C9EDF9103}.ExportRelease|Any CPU.Build.0 = ExportRelease|Any CPU
	EndGlobalSection
EndGlobal
